
Microsoft Visual Studio Solution File, Format Version 12.00
# Visual Studio 15
VisualStudioVersion = 15.0.26228.4
MinimumVisualStudioVersion = 10.0.40219.1
Project("{FAE04EC0-301F-11D3-BF4B-00C04F79EFBC}") = "BugReportVideoPlayerOnHololens", "BugReportVideoPlayerOnHololens\BugReportVideoPlayerOnHololens.csproj", "{13A45C13-3265-47B8-BC48-A553B569DF55}"
EndProject
Project("{FAE04EC0-301F-11D3-BF4B-00C04F79EFBC}") = "Assembly-CSharp", "C:\Users\PLMAKLI2\Desktop\BugReport\BugReportVideoPlayerOnHololens\App\GeneratedProjects\UWP\Assembly-CSharp\Assembly-CSharp.csproj", "{7BE22A6C-42F1-4F8E-A125-30E13776B01C}"
EndProject
Project("{FAE04EC0-301F-11D3-BF4B-00C04F79EFBC}") = "Assembly-CSharp-firstpass", "C:\Users\PLMAKLI2\Desktop\BugReport\BugReportVideoPlayerOnHololens\App\GeneratedProjects\UWP\Assembly-CSharp-firstpass\Assembly-CSharp-firstpass.csproj", "{ED094B6C-7277-4236-BC51-D940800B353C}"
EndProject
Global
	GlobalSection(SolutionConfigurationPlatforms) = preSolution
		Debug|ARM = Debug|ARM
		Debug|x64 = Debug|x64
		Debug|x86 = Debug|x86
		Master|ARM = Master|ARM
		Master|x64 = Master|x64
		Master|x86 = Master|x86
		Release|ARM = Release|ARM
		Release|x64 = Release|x64
		Release|x86 = Release|x86
	EndGlobalSection
	GlobalSection(ProjectConfigurationPlatforms) = postSolution
		{13A45C13-3265-47B8-BC48-A553B569DF55}.Debug|ARM.ActiveCfg = Debug|ARM
		{13A45C13-3265-47B8-BC48-A553B569DF55}.Debug|ARM.Build.0 = Debug|ARM
		{13A45C13-3265-47B8-BC48-A553B569DF55}.Debug|ARM.Deploy.0 = Debug|ARM
		{13A45C13-3265-47B8-BC48-A553B569DF55}.Debug|x64.ActiveCfg = Debug|x64
		{13A45C13-3265-47B8-BC48-A553B569DF55}.Debug|x64.Build.0 = Debug|x64
		{13A45C13-3265-47B8-BC48-A553B569DF55}.Debug|x64.Deploy.0 = Debug|x64
		{13A45C13-3265-47B8-BC48-A553B569DF55}.Debug|x86.ActiveCfg = Debug|x86
		{13A45C13-3265-47B8-BC48-A553B569DF55}.Debug|x86.Build.0 = Debug|x86
		{13A45C13-3265-47B8-BC48-A553B569DF55}.Debug|x86.Deploy.0 = Debug|x86
		{13A45C13-3265-47B8-BC48-A553B569DF55}.Master|ARM.ActiveCfg = Master|ARM
		{13A45C13-3265-47B8-BC48-A553B569DF55}.Master|ARM.Build.0 = Master|ARM
		{13A45C13-3265-47B8-BC48-A553B569DF55}.Master|ARM.Deploy.0 = Master|ARM
		{13A45C13-3265-47B8-BC48-A553B569DF55}.Master|x64.ActiveCfg = Master|x64
		{13A45C13-3265-47B8-BC48-A553B569DF55}.Master|x64.Build.0 = Master|x64
		{13A45C13-3265-47B8-BC48-A553B569DF55}.Master|x64.Deploy.0 = Master|x64
		{13A45C13-3265-47B8-BC48-A553B569DF55}.Master|x86.ActiveCfg = Master|x86
		{13A45C13-3265-47B8-BC48-A553B569DF55}.Master|x86.Build.0 = Master|x86
		{13A45C13-3265-47B8-BC48-A553B569DF55}.Master|x86.Deploy.0 = Master|x86
		{13A45C13-3265-47B8-BC48-A553B569DF55}.Release|ARM.ActiveCfg = Release|ARM
		{13A45C13-3265-47B8-BC48-A553B569DF55}.Release|ARM.Build.0 = Release|ARM
		{13A45C13-3265-47B8-BC48-A553B569DF55}.Release|ARM.Deploy.0 = Release|ARM
		{13A45C13-3265-47B8-BC48-A553B569DF55}.Release|x64.ActiveCfg = Release|x64
		{13A45C13-3265-47B8-BC48-A553B569DF55}.Release|x64.Build.0 = Release|x64
		{13A45C13-3265-47B8-BC48-A553B569DF55}.Release|x64.Deploy.0 = Release|x64
		{13A45C13-3265-47B8-BC48-A553B569DF55}.Release|x86.ActiveCfg = Release|x86
		{13A45C13-3265-47B8-BC48-A553B569DF55}.Release|x86.Build.0 = Release|x86
		{13A45C13-3265-47B8-BC48-A553B569DF55}.Release|x86.Deploy.0 = Release|x86
		{7BE22A6C-42F1-4F8E-A125-30E13776B01C}.Debug|ARM.ActiveCfg = Debug|ARM
		{7BE22A6C-42F1-4F8E-A125-30E13776B01C}.Debug|ARM.Build.0 = Debug|ARM
		{7BE22A6C-42F1-4F8E-A125-30E13776B01C}.Debug|x64.ActiveCfg = Debug|x64
		{7BE22A6C-42F1-4F8E-A125-30E13776B01C}.Debug|x64.Build.0 = Debug|x64
		{7BE22A6C-42F1-4F8E-A125-30E13776B01C}.Debug|x86.ActiveCfg = Debug|x86
		{7BE22A6C-42F1-4F8E-A125-30E13776B01C}.Debug|x86.Build.0 = Debug|x86
		{7BE22A6C-42F1-4F8E-A125-30E13776B01C}.Master|ARM.ActiveCfg = Master|ARM
		{7BE22A6C-42F1-4F8E-A125-30E13776B01C}.Master|ARM.Build.0 = Master|ARM
		{7BE22A6C-42F1-4F8E-A125-30E13776B01C}.Master|x64.ActiveCfg = Master|x64
		{7BE22A6C-42F1-4F8E-A125-30E13776B01C}.Master|x64.Build.0 = Master|x64
		{7BE22A6C-42F1-4F8E-A125-30E13776B01C}.Master|x86.ActiveCfg = Master|x86
		{7BE22A6C-42F1-4F8E-A125-30E13776B01C}.Master|x86.Build.0 = Master|x86
		{7BE22A6C-42F1-4F8E-A125-30E13776B01C}.Release|ARM.ActiveCfg = Release|ARM
		{7BE22A6C-42F1-4F8E-A125-30E13776B01C}.Release|ARM.Build.0 = Release|ARM
		{7BE22A6C-42F1-4F8E-A125-30E13776B01C}.Release|x64.ActiveCfg = Release|x64
		{7BE22A6C-42F1-4F8E-A125-30E13776B01C}.Release|x64.Build.0 = Release|x64
		{7BE22A6C-42F1-4F8E-A125-30E13776B01C}.Release|x86.ActiveCfg = Release|x86
		{7BE22A6C-42F1-4F8E-A125-30E13776B01C}.Release|x86.Build.0 = Release|x86
		{ED094B6C-7277-4236-BC51-D940800B353C}.Debug|ARM.ActiveCfg = Debug|ARM
		{ED094B6C-7277-4236-BC51-D940800B353C}.Debug|ARM.Build.0 = Debug|ARM
		{ED094B6C-7277-4236-BC51-D940800B353C}.Debug|x64.ActiveCfg = Debug|x64
		{ED094B6C-7277-4236-BC51-D940800B353C}.Debug|x64.Build.0 = Debug|x64
		{ED094B6C-7277-4236-BC51-D940800B353C}.Debug|x86.ActiveCfg = Debug|x86
		{ED094B6C-7277-4236-BC51-D940800B353C}.Debug|x86.Build.0 = Debug|x86
		{ED094B6C-7277-4236-BC51-D940800B353C}.Master|ARM.ActiveCfg = Master|ARM
		{ED094B6C-7277-4236-BC51-D940800B353C}.Master|ARM.Build.0 = Master|ARM
		{ED094B6C-7277-4236-BC51-D940800B353C}.Master|x64.ActiveCfg = Master|x64
		{ED094B6C-7277-4236-BC51-D940800B353C}.Master|x64.Build.0 = Master|x64
		{ED094B6C-7277-4236-BC51-D940800B353C}.Master|x86.ActiveCfg = Master|x86
		{ED094B6C-7277-4236-BC51-D940800B353C}.Master|x86.Build.0 = Master|x86
		{ED094B6C-7277-4236-BC51-D940800B353C}.Release|ARM.ActiveCfg = Release|ARM
		{ED094B6C-7277-4236-BC51-D940800B353C}.Release|ARM.Build.0 = Release|ARM
		{ED094B6C-7277-4236-BC51-D940800B353C}.Release|x64.ActiveCfg = Release|x64
		{ED094B6C-7277-4236-BC51-D940800B353C}.Release|x64.Build.0 = Release|x64
		{ED094B6C-7277-4236-BC51-D940800B353C}.Release|x86.ActiveCfg = Release|x86
		{ED094B6C-7277-4236-BC51-D940800B353C}.Release|x86.Build.0 = Release|x86
	EndGlobalSection
	GlobalSection(SolutionProperties) = preSolution
		HideSolutionNode = FALSE
	EndGlobalSection
EndGlobal
